NeoBundleLock dirs.vim b45cc96f96187fbb8e22b6b0dc18161c1feda195
NeoBundleLock emmet-vim 1c46c5fb775606621906f0bedc8da8bc636c1dac
NeoBundleLock indentLine ea6548ead8e8fcec46fcff13993059678b5be9a2
NeoBundleLock lightline.vim b967eefb9b7c3103a2f8885eb736876f0a0cdaa9
NeoBundleLock neobundle.vim f5ace1d749382ab5e5a22670d57c61303a927b72
NeoBundleLock open-browser.vim a3d9bba498c610a2bb1029fd51a3ac3b6b144147
NeoBundleLock unite.vim 662f83d3789ecf320ddcb04f7023def3a8167802
NeoBundleLock vim-easymotion 8acdfc60e58bb0600ded42a4f752bec6e3b6d882
NeoBundleLock vim-fugitive 0095769029709b531d2505ee6ad9907dd9bd72a0
NeoBundleLock vim-gitgutter 1a7f1c5bf64726c338d82d62f9be64dcfd289a09
NeoBundleLock vim-indent-guides eec1b629dc4cfa3986d20f21d4b4489732cd3f5a
NeoBundleLock vimproc c286dcbdfca9e0ee1a4cb90f09c3f03638112f5a
NeoBundleLock webapi-vim 6d577e49aeb81b4ede280161ca1e550c9328d098
